github.com/google/uuid v1.3.0 h1:t6JiXgmwXMjEs8VusXIJk2BXHsn+wx8BZdTaoZ5fu7I=
github.com/google/uuid v1.3.0/go.mod h1:TIyPZe4MgqvfeYDBFedMoGGpEw/LqOeaOT+nhxU+yHo=
github.com/halliday/go-errors v0.0.0-20221117114904-701c88d594be h1:Vn15TOIXFsGo5gnAOfEQnvcT6JlBNntSoim0HVgBRsM=
github.com/halliday/go-errors v0.0.0-20221117114904-701c88d594be/go.mod h1:Y4T0LILKpT2p/mWVIFvbLR06QEiv3KA2yfVtOMyTCNc=
github.com/halliday/go-module v0.0.0-20221117115031-b50f77a189df h1:+O+l/gFjj9ceIgnmt1iefM8Xe/iTKydQZgkTKmtTPp0=
github.com/halliday/go-module v0.0.0-20221117115031-b50f77a189df/go.mod h1:3FEQ+ZDemk21FYjFLIXVczWgcsFnh+25mN5CvbtImaA=
github.com/halliday/go-tools v0.0.0-20230601075640-f33fafb9787a h1:FECA8/P+Uv4f3FhVL5XakN2BARrplHjoIKh/qbehc/0=
github.com/halliday/go-tools v0.0.0-20230601075640-f33fafb9787a/go.mod h1:wYFjct2MT8Toy+5WsznTak4EaIlsqlMG6ijBOSWU5mE=
github.com/halliday/go-values v0.0.0-20230601110519-bb092e0622da h1:+cShbyMvrsgBM9tr/fARX24z+92fqriyMBAGZEt0knU=
github.com/halliday/go-values v0.0.0-20230601110519-bb092e0622da/go.mod h1:KXqHMQQxleNU2gXOmS/UaKqZxxbviVuVxiEa5WcAk2g=
