github.com/google/uuid v1.3.0 h1:t6JiXgmwXMjEs8VusXIJk2BXHsn+wx8BZdTaoZ5fu7I=
github.com/google/uuid v1.3.0/go.mod h1:TIyPZe4MgqvfeYDBFedMoGGpEw/LqOeaOT+nhxU+yHo=
github.com/halliday/go-errors v0.0.0-20221117114904-701c88d594be h1:Vn15TOIXFsGo5gnAOfEQnvcT6JlBNntSoim0HVgBRsM=
github.com/halliday/go-errors v0.0.0-20221117114904-701c88d594be/go.mod h1:Y4T0LILKpT2p/mWVIFvbLR06QEiv3KA2yfVtOMyTCNc=
github.com/halliday/go-tools v0.0.0-20230601075640-f33fafb9787a h1:FECA8/P+Uv4f3FhVL5XakN2BARrplHjoIKh/qbehc/0=
github.com/halliday/go-tools v0.0.0-20230601075640-f33fafb9787a/go.mod h1:wYFjct2MT8Toy+5WsznTak4EaIlsqlMG6ijBOSWU5mE=
github.com/halliday/go-values v0.0.0-20231016114548-e6cd60343df5 h1:zT6KqmwDDcCYdtbKDriDTv0GcCaPZLnsyUy3XVZ6TTU=
github.com/halliday/go-values v0.0.0-20231016114548-e6cd60343df5/go.mod h1:KXqHMQQxleNU2gXOmS/UaKqZxxbviVuVxiEa5WcAk2g=
